
Microsoft Visual Studio Solution File, Format Version 12.00
# Visual Studio Version 17
VisualStudioVersion = 17.8.34511.84
MinimumVisualStudioVersion = 10.0.40219.1
Project("{9A19103F-16F7-4668-BE54-9A1E7A4F7556}") = "DevelopmentChannelSwitcher", "DevelopmentChannelSwitcher\DevelopmentChannelSwitcher.csproj", "{7CE69611-EAEB-4D7F-AE08-4CDD4CED1E41}"
EndProject
Global
	GlobalSection(SolutionConfigurationPlatforms) = preSolution
		Debug|Any CPU = Debug|Any CPU
		Release|Any CPU = Release|Any CPU
	EndGlobalSection
	GlobalSection(ProjectConfigurationPlatforms) = postSolution
		{7CE69611-EAEB-4D7F-AE08-4CDD4CED1E41}.Debug|Any CPU.ActiveCfg = Debug|Any CPU
		{7CE69611-EAEB-4D7F-AE08-4CDD4CED1E41}.Debug|Any CPU.Build.0 = Debug|Any CPU
		{7CE69611-EAEB-4D7F-AE08-4CDD4CED1E41}.Release|Any CPU.ActiveCfg = Release|Any CPU
		{7CE69611-EAEB-4D7F-AE08-4CDD4CED1E41}.Release|Any CPU.Build.0 = Release|Any CPU
	EndGlobalSection
	GlobalSection(SolutionProperties) = preSolution
		HideSolutionNode = FALSE
	EndGlobalSection
	GlobalSection(ExtensibilityGlobals) = postSolution
		SolutionGuid = {BF4CA3F3-AB8B-4474-9F86-7C3D35C4FE75}
	EndGlobalSection
EndGlobal
