
Microsoft Visual Studio Solution File, Format Version 12.00
# Visual Studio Version 17
VisualStudioVersion = 17.1.32421.90
MinimumVisualStudioVersion = 10.0.40219.1
Project("{8BC9CEB8-8B4A-11D0-8D11-00A0C91BC942}") = "NanaGet", "NanaGet\NanaGet.vcxproj", "{4C5F187E-4734-489E-9D80-200B3EF14DCA}"
EndProject
Project("{C7167F0D-BC9F-4E6E-AFE1-012C56B48DB5}") = "NanaGetPackage", "NanaGetPackage\NanaGetPackage.wapproj", "{79087060-1853-4203-B6F6-06DE231B97D7}"
EndProject
Global
	GlobalSection(SolutionConfigurationPlatforms) = preSolution
		Debug|ARM64 = Debug|ARM64
		Debug|x64 = Debug|x64
		Debug|x86 = Debug|x86
		Release|ARM64 = Release|ARM64
		Release|x64 = Release|x64
		Release|x86 = Release|x86
	EndGlobalSection
	GlobalSection(ProjectConfigurationPlatforms) = postSolution
		{4C5F187E-4734-489E-9D80-200B3EF14DCA}.Debug|ARM64.ActiveCfg = Debug|ARM64
		{4C5F187E-4734-489E-9D80-200B3EF14DCA}.Debug|ARM64.Build.0 = Debug|ARM64
		{4C5F187E-4734-489E-9D80-200B3EF14DCA}.Debug|x64.ActiveCfg = Debug|x64
		{4C5F187E-4734-489E-9D80-200B3EF14DCA}.Debug|x64.Build.0 = Debug|x64
		{4C5F187E-4734-489E-9D80-200B3EF14DCA}.Debug|x86.ActiveCfg = Debug|Win32
		{4C5F187E-4734-489E-9D80-200B3EF14DCA}.Debug|x86.Build.0 = Debug|Win32
		{4C5F187E-4734-489E-9D80-200B3EF14DCA}.Release|ARM64.ActiveCfg = Release|ARM64
		{4C5F187E-4734-489E-9D80-200B3EF14DCA}.Release|ARM64.Build.0 = Release|ARM64
		{4C5F187E-4734-489E-9D80-200B3EF14DCA}.Release|x64.ActiveCfg = Release|x64
		{4C5F187E-4734-489E-9D80-200B3EF14DCA}.Release|x64.Build.0 = Release|x64
		{4C5F187E-4734-489E-9D80-200B3EF14DCA}.Release|x86.ActiveCfg = Release|Win32
		{4C5F187E-4734-489E-9D80-200B3EF14DCA}.Release|x86.Build.0 = Release|Win32
		{79087060-1853-4203-B6F6-06DE231B97D7}.Debug|ARM64.ActiveCfg = Debug|ARM64
		{79087060-1853-4203-B6F6-06DE231B97D7}.Debug|ARM64.Build.0 = Debug|ARM64
		{79087060-1853-4203-B6F6-06DE231B97D7}.Debug|ARM64.Deploy.0 = Debug|ARM64
		{79087060-1853-4203-B6F6-06DE231B97D7}.Debug|x64.ActiveCfg = Debug|x64
		{79087060-1853-4203-B6F6-06DE231B97D7}.Debug|x64.Build.0 = Debug|x64
		{79087060-1853-4203-B6F6-06DE231B97D7}.Debug|x64.Deploy.0 = Debug|x64
		{79087060-1853-4203-B6F6-06DE231B97D7}.Debug|x86.ActiveCfg = Debug|x86
		{79087060-1853-4203-B6F6-06DE231B97D7}.Debug|x86.Build.0 = Debug|x86
		{79087060-1853-4203-B6F6-06DE231B97D7}.Debug|x86.Deploy.0 = Debug|x86
		{79087060-1853-4203-B6F6-06DE231B97D7}.Release|ARM64.ActiveCfg = Release|ARM64
		{79087060-1853-4203-B6F6-06DE231B97D7}.Release|ARM64.Build.0 = Release|ARM64
		{79087060-1853-4203-B6F6-06DE231B97D7}.Release|ARM64.Deploy.0 = Release|ARM64
		{79087060-1853-4203-B6F6-06DE231B97D7}.Release|x64.ActiveCfg = Release|x64
		{79087060-1853-4203-B6F6-06DE231B97D7}.Release|x64.Build.0 = Release|x64
		{79087060-1853-4203-B6F6-06DE231B97D7}.Release|x64.Deploy.0 = Release|x64
		{79087060-1853-4203-B6F6-06DE231B97D7}.Release|x86.ActiveCfg = Release|x86
		{79087060-1853-4203-B6F6-06DE231B97D7}.Release|x86.Build.0 = Release|x86
		{79087060-1853-4203-B6F6-06DE231B97D7}.Release|x86.Deploy.0 = Release|x86
	EndGlobalSection
	GlobalSection(SolutionProperties) = preSolution
		HideSolutionNode = FALSE
	EndGlobalSection
	GlobalSection(ExtensibilityGlobals) = postSolution
		SolutionGuid = {63D93022-EEE8-42F3-90CE-06773351C9F4}
	EndGlobalSection
EndGlobal
