<?xml version="1.0" encoding="utf-8"?>
<Project ToolsVersion="4.0" xmlns="http://schemas.microsoft.com/developer/msbuild/2003">
  <ItemGroup>
    <ApplicationDefinition Include="App.xaml" />
  </ItemGroup>
  <ItemGroup>
    <Page Include="MainPage.xaml" />
    <Page Include="AboutPage.xaml" />
    <Page Include="NewTaskPage.xaml" />
    <Page Include="SettingsPage.xaml" />
  </ItemGroup>
  <ItemGroup>
    <Midl Include="App.idl" />
    <Midl Include="MainPage.idl" />
    <Midl Include="TaskItem.idl" />
  </ItemGroup>
  <ItemGroup>
    <ClCompile Include="pch.cpp" />
    <ClCompile Include="App.cpp" />
    <ClCompile Include="MainPage.cpp" />
    <ClCompile Include="$(GeneratedFilesDir)module.g.cpp" />
    <ClCompile Include="WinMain.cpp" />
    <ClCompile Include="NanaGetCore.cpp">
      <Filter>NanaGetCore</Filter>
    </ClCompile>
    <ClCompile Include="NanaGet.Aria2.cpp">
      <Filter>NanaGet.Aria2</Filter>
    </ClCompile>
  </ItemGroup>
  <ItemGroup>
    <ClInclude Include="pch.h" />
    <ClInclude Include="NanaGetCore.h">
      <Filter>NanaGetCore</Filter>
    </ClInclude>
    <ClInclude Include="NanaGetResources.h">
      <Filter>NanaGetResources</Filter>
    </ClInclude>
    <ClInclude Include="NanaGet.Aria2.h">
      <Filter>NanaGet.Aria2</Filter>
    </ClInclude>
  </ItemGroup>
  <ItemGroup>
    <None Include="PropertySheet.props" />
  </ItemGroup>
  <ItemGroup>
    <Manifest Include="NanaGet.manifest" />
  </ItemGroup>
  <ItemGroup>
    <Filter Include="NanaGetCore">
      <UniqueIdentifier>{2bbeeeb9-4951-4932-8e61-8f2a9f0ce9c4}</UniqueIdentifier>
    </Filter>
    <Filter Include="NanaGetResources">
      <UniqueIdentifier>{127202e5-0ebb-47cb-bf8b-34f8cc717ba1}</UniqueIdentifier>
    </Filter>
    <Filter Include="NanaGet.Aria2">
      <UniqueIdentifier>{50457ad9-e3ba-42ea-a7cc-b62c284bdda0}</UniqueIdentifier>
    </Filter>
  </ItemGroup>
  <ItemGroup>
    <ResourceCompile Include="NanaGetResources.rc">
      <Filter>NanaGetResources</Filter>
    </ResourceCompile>
  </ItemGroup>
</Project>